
Microsoft Visual Studio Solution File, Format Version 12.00
# Visual Studio Version 16
VisualStudioVersion = 16.0.29424.173
MinimumVisualStudioVersion = 10.0.40219.1
Project("{FAE04EC0-301F-11D3-BF4B-00C04F79EFBC}") = "Sistema_cantina", "Sistema_cantina.csproj", "{BCE35A56-F2A6-4E85-9DFE-BD5AEB6FF0F9}"
EndProject
Global
	GlobalSection(SolutionConfigurationPlatforms) = preSolution
		Debug|Any CPU = Debug|Any CPU
		Release|Any CPU = Release|Any CPU
	EndGlobalSection
	GlobalSection(ProjectConfigurationPlatforms) = postSolution
		{BCE35A56-F2A6-4E85-9DFE-BD5AEB6FF0F9}.Debug|Any CPU.ActiveCfg = Debug|Any CPU
		{BCE35A56-F2A6-4E85-9DFE-BD5AEB6FF0F9}.Debug|Any CPU.Build.0 = Debug|Any CPU
		{BCE35A56-F2A6-4E85-9DFE-BD5AEB6FF0F9}.Release|Any CPU.ActiveCfg = Release|Any CPU
		{BCE35A56-F2A6-4E85-9DFE-BD5AEB6FF0F9}.Release|Any CPU.Build.0 = Release|Any CPU
	EndGlobalSection
	GlobalSection(SolutionProperties) = preSolution
		HideSolutionNode = FALSE
	EndGlobalSection
	GlobalSection(ExtensibilityGlobals) = postSolution
		SolutionGuid = {B17D6DFC-010A-4DBE-9747-08A6721FF400}
	EndGlobalSection
EndGlobal
